
Microsoft Visual Studio Solution File, Format Version 12.00
# Visual Studio Version 17
VisualStudioVersion = 17.8.34511.84
MinimumVisualStudioVersion = 10.0.40219.1
Project("{FAE04EC0-301F-11D3-BF4B-00C04F79EFBC}") = "Lesson21", "Lesson21\Lesson21.csproj", "{653C8874-ECC5-470B-A8B1-857A26E98175}"
EndProject
Global
	GlobalSection(SolutionConfigurationPlatforms) = preSolution
		Debug|Any CPU = Debug|Any CPU
		Release|Any CPU = Release|Any CPU
	EndGlobalSection
	GlobalSection(ProjectConfigurationPlatforms) = postSolution
		{653C8874-ECC5-470B-A8B1-857A26E98175}.Debug|Any CPU.ActiveCfg = Debug|Any CPU
		{653C8874-ECC5-470B-A8B1-857A26E98175}.Debug|Any CPU.Build.0 = Debug|Any CPU
		{653C8874-ECC5-470B-A8B1-857A26E98175}.Release|Any CPU.ActiveCfg = Release|Any CPU
		{653C8874-ECC5-470B-A8B1-857A26E98175}.Release|Any CPU.Build.0 = Release|Any CPU
	EndGlobalSection
	GlobalSection(SolutionProperties) = preSolution
		HideSolutionNode = FALSE
	EndGlobalSection
	GlobalSection(ExtensibilityGlobals) = postSolution
		SolutionGuid = {CE161B07-DC06-4B3B-BE29-7E38DA010BA6}
	EndGlobalSection
EndGlobal
